
Microsoft Visual Studio Solution File, Format Version 12.00
# Visual Studio Version 17
VisualStudioVersion = 17.0.32014.148
MinimumVisualStudioVersion = 10.0.40219.1
Project("{FAE04EC0-301F-11D3-BF4B-00C04F79EFBC}") = "IPSubnetCalculator", "IPSubnetCalculator.csproj", "{E13776A5-0267-43FF-8DB4-E4AA78EB761B}"
EndProject
Global
	GlobalSection(SolutionConfigurationPlatforms) = preSolution
		Debug|Any CPU = Debug|Any CPU
		Release|Any CPU = Release|Any CPU
	EndGlobalSection
	GlobalSection(ProjectConfigurationPlatforms) = postSolution
		{E13776A5-0267-43FF-8DB4-E4AA78EB761B}.Debug|Any CPU.ActiveCfg = Debug|Any CPU
		{E13776A5-0267-43FF-8DB4-E4AA78EB761B}.Debug|Any CPU.Build.0 = Debug|Any CPU
		{E13776A5-0267-43FF-8DB4-E4AA78EB761B}.Release|Any CPU.ActiveCfg = Release|Any CPU
		{E13776A5-0267-43FF-8DB4-E4AA78EB761B}.Release|Any CPU.Build.0 = Release|Any CPU
	EndGlobalSection
	GlobalSection(SolutionProperties) = preSolution
		HideSolutionNode = FALSE
	EndGlobalSection
	GlobalSection(ExtensibilityGlobals) = postSolution
		SolutionGuid = {08927EC7-E644-4AD4-9F74-79B3AFA07455}
	EndGlobalSection
EndGlobal
